// !$*UTF8*$!
{
	archiveVersion = 1;
	classes = {
	};
	objectVersion = 52;
	objects = {

/* Begin PBXBuildFile section */
		AA0E855625C6146E00CBE507 /* KingfisherSwiftUI in Frameworks */ = {isa = PBXBuildFile; productRef = AA0E855525C6146E00CBE507 /* KingfisherSwiftUI */; };
		AA0E855C25C6148800CBE507 /* SafeCodable in Frameworks */ = {isa = PBXBuildFile; productRef = AA0E855B25C6148800CBE507 /* SafeCodable */; };
		AA1BD3192598D8B4002C854D /* Tests_iOS.swift in Sources */ = {isa = PBXBuildFile; fileRef = AA1BD3182598D8B4002C854D /* Tests_iOS.swift */; };
		AA1BD3242598D8B4002C854D /* Tests_macOS.swift in Sources */ = {isa = PBXBuildFile; fileRef = AA1BD3232598D8B4002C854D /* Tests_macOS.swift */; };
		AA1BD3262598D8B4002C854D /* AppSneakersApp.swift in Sources */ = {isa = PBXBuildFile; fileRef = AA1BD2FD2598D8B3002C854D /* AppSneakersApp.swift */; };
		AA1BD3272598D8B4002C854D /* AppSneakersApp.swift in Sources */ = {isa = PBXBuildFile; fileRef = AA1BD2FD2598D8B3002C854D /* AppSneakersApp.swift */; };
		AA1BD3282598D8B4002C854D /* ContentView.swift in Sources */ = {isa = PBXBuildFile; fileRef = AA1BD2FE2598D8B3002C854D /* ContentView.swift */; };
		AA1BD3292598D8B4002C854D /* ContentView.swift in Sources */ = {isa = PBXBuildFile; fileRef = AA1BD2FE2598D8B3002C854D /* ContentView.swift */; };
		AA1BD32A2598D8B4002C854D /* Assets.xcassets in Resources */ = {isa = PBXBuildFile; fileRef = AA1BD2FF2598D8B4002C854D /* Assets.xcassets */; };
		AA1BD32B2598D8B4002C854D /* Assets.xcassets in Resources */ = {isa = PBXBuildFile; fileRef = AA1BD2FF2598D8B4002C854D /* Assets.xcassets */; };
		AA1BD3412598D8FE002C854D /* BrandsListView.swift in Sources */ = {isa = PBXBuildFile; fileRef = AA1BD3402598D8FE002C854D /* BrandsListView.swift */; };
		AA1BD3482598DA69002C854D /* BrandsListView.swift in Sources */ = {isa = PBXBuildFile; fileRef = AA1BD3402598D8FE002C854D /* BrandsListView.swift */; };
		AA1BD3572598DAB3002C854D /* APIClient.swift in Sources */ = {isa = PBXBuildFile; fileRef = AA1BD3562598DAB3002C854D /* APIClient.swift */; };
		AA1BD3582598DAB3002C854D /* APIClient.swift in Sources */ = {isa = PBXBuildFile; fileRef = AA1BD3562598DAB3002C854D /* APIClient.swift */; };
		AA1BD3622598DB6B002C854D /* BrandsListViewModel.swift in Sources */ = {isa = PBXBuildFile; fileRef = AA1BD3612598DB6B002C854D /* BrandsListViewModel.swift */; };
		AA1BD3632598DB6B002C854D /* BrandsListViewModel.swift in Sources */ = {isa = PBXBuildFile; fileRef = AA1BD3612598DB6B002C854D /* BrandsListViewModel.swift */; };
		AA1BD36D2598DD2C002C854D /* SneakersDB.swift in Sources */ = {isa = PBXBuildFile; fileRef = AA1BD36C2598DD2C002C854D /* SneakersDB.swift */; };
		AA1BD36E2598DD2C002C854D /* SneakersDB.swift in Sources */ = {isa = PBXBuildFile; fileRef = AA1BD36C2598DD2C002C854D /* SneakersDB.swift */; };
		AA1BD3742598DDF3002C854D /* Brands.swift in Sources */ = {isa = PBXBuildFile; fileRef = AA1BD3732598DDF3002C854D /* Brands.swift */; };
		AA1BD3752598DDF3002C854D /* Brands.swift in Sources */ = {isa = PBXBuildFile; fileRef = AA1BD3732598DDF3002C854D /* Brands.swift */; };
		AA1BD37B2598E258002C854D /* TabBarView.swift in Sources */ = {isa = PBXBuildFile; fileRef = AA1BD37A2598E258002C854D /* TabBarView.swift */; };
		AA1BD37C2598E258002C854D /* TabBarView.swift in Sources */ = {isa = PBXBuildFile; fileRef = AA1BD37A2598E258002C854D /* TabBarView.swift */; };
		AA1BD3832598E4BE002C854D /* SneakersListView.swift in Sources */ = {isa = PBXBuildFile; fileRef = AA1BD3822598E4BE002C854D /* SneakersListView.swift */; };
		AA1BD3842598E4BE002C854D /* SneakersListView.swift in Sources */ = {isa = PBXBuildFile; fileRef = AA1BD3822598E4BE002C854D /* SneakersListView.swift */; };
		AA1BD38E2598E5A1002C854D /* SneakersListViewModel.swift in Sources */ = {isa = PBXBuildFile; fileRef = AA1BD38D2598E5A1002C854D /* SneakersListViewModel.swift */; };
		AA1BD38F2598E5A1002C854D /* SneakersListViewModel.swift in Sources */ = {isa = PBXBuildFile; fileRef = AA1BD38D2598E5A1002C854D /* SneakersListViewModel.swift */; };
		AA1BD3952598E5BB002C854D /* Sneaker.swift in Sources */ = {isa = PBXBuildFile; fileRef = AA1BD3942598E5BB002C854D /* Sneaker.swift */; };
		AA1BD3962598E5BB002C854D /* Sneaker.swift in Sources */ = {isa = PBXBuildFile; fileRef = AA1BD3942598E5BB002C854D /* Sneaker.swift */; };
		AA1BD39D2598F092002C854D /* KingfisherSwiftUIStatic in Frameworks */ = {isa = PBXBuildFile; productRef = AA1BD39C2598F092002C854D /* KingfisherSwiftUIStatic */; };
		AA273CDC25A1FE0F001C8D5D /* FavouritesSneakers.swift in Sources */ = {isa = PBXBuildFile; fileRef = AA273CDB25A1FE0F001C8D5D /* FavouritesSneakers.swift */; };
		AA273CDD25A1FE0F001C8D5D /* FavouritesSneakers.swift in Sources */ = {isa = PBXBuildFile; fileRef = AA273CDB25A1FE0F001C8D5D /* FavouritesSneakers.swift */; };
		AA273CE325A202B9001C8D5D /* AboutView.swift in Sources */ = {isa = PBXBuildFile; fileRef = AA273CE225A202B9001C8D5D /* AboutView.swift */; };
		AA273CE425A202B9001C8D5D /* AboutView.swift in Sources */ = {isa = PBXBuildFile; fileRef = AA273CE225A202B9001C8D5D /* AboutView.swift */; };
		AA273CEB25A20A51001C8D5D /* AccesoryViews.swift in Sources */ = {isa = PBXBuildFile; fileRef = AA273CEA25A20A51001C8D5D /* AccesoryViews.swift */; };
		AA273CEC25A20A51001C8D5D /* AccesoryViews.swift in Sources */ = {isa = PBXBuildFile; fileRef = AA273CEA25A20A51001C8D5D /* AccesoryViews.swift */; };
		AA280F3525AB52EE00F778BA /* sneakers.json in Resources */ = {isa = PBXBuildFile; fileRef = AA280F3425AB52EE00F778BA /* sneakers.json */; };
		AA280F3625AB52EE00F778BA /* sneakers.json in Resources */ = {isa = PBXBuildFile; fileRef = AA280F3425AB52EE00F778BA /* sneakers.json */; };
		AA280F3B25AB56B600F778BA /* sneakers.json in Resources */ = {isa = PBXBuildFile; fileRef = AA280F3425AB52EE00F778BA /* sneakers.json */; };
		AA5FE71E25A0C99A0091F174 /* SneakerDetailView.swift in Sources */ = {isa = PBXBuildFile; fileRef = AA5FE71D25A0C99A0091F174 /* SneakerDetailView.swift */; };
		AA5FE71F25A0C99A0091F174 /* SneakerDetailView.swift in Sources */ = {isa = PBXBuildFile; fileRef = AA5FE71D25A0C99A0091F174 /* SneakerDetailView.swift */; };
		AAF7077325B481F7004AFB59 /* SafeCodable in Frameworks */ = {isa = PBXBuildFile; productRef = AAF7077225B481F7004AFB59 /* SafeCodable */; };
/* End PBXBuildFile section */

/* Begin PBXContainerItemProxy section */
		AA1BD3152598D8B4002C854D /* PBXContainerItemProxy */ = {
			isa = PBXContainerItemProxy;
			containerPortal = AA1BD2F82598D8B2002C854D /* Project object */;
			proxyType = 1;
			remoteGlobalIDString = AA1BD3032598D8B4002C854D;
			remoteInfo = "AppSneakers (iOS)";
		};
		AA1BD3202598D8B4002C854D /* PBXContainerItemProxy */ = {
			isa = PBXContainerItemProxy;
			containerPortal = AA1BD2F82598D8B2002C854D /* Project object */;
			proxyType = 1;
			remoteGlobalIDString = AA1BD30B2598D8B4002C854D;
			remoteInfo = "AppSneakers (macOS)";
		};
/* End PBXContainerItemProxy section */

/* Begin PBXFileReference section */
		AA1BD2FD2598D8B3002C854D /* AppSneakersApp.swift */ = {isa = PBXFileReference; lastKnownFileType = sourcecode.swift; path = AppSneakersApp.swift; sourceTree = "<group>"; };
		AA1BD2FE2598D8B3002C854D /* ContentView.swift */ = {isa = PBXFileReference; lastKnownFileType = sourcecode.swift; path = ContentView.swift; sourceTree = "<group>"; };
		AA1BD2FF2598D8B4002C854D /* Assets.xcassets */ = {isa = PBXFileReference; lastKnownFileType = folder.assetcatalog; path = Assets.xcassets; sourceTree = "<group>"; };
		AA1BD3042598D8B4002C854D /* AppSneakers.app */ = {isa = PBXFileReference; explicitFileType = wrapper.application; includeInIndex = 0; path = AppSneakers.app; sourceTree = BUILT_PRODUCTS_DIR; };
		AA1BD3072598D8B4002C854D /* Info.plist */ = {isa = PBXFileReference; lastKnownFileType = text.plist.xml; path = Info.plist; sourceTree = "<group>"; };
		AA1BD30C2598D8B4002C854D /* AppSneakers.app */ = {isa = PBXFileReference; explicitFileType = wrapper.application; includeInIndex = 0; path = AppSneakers.app; sourceTree = BUILT_PRODUCTS_DIR; };
		AA1BD30E2598D8B4002C854D /* Info.plist */ = {isa = PBXFileReference; lastKnownFileType = text.plist.xml; path = Info.plist; sourceTree = "<group>"; };
		AA1BD30F2598D8B4002C854D /* macOS.entitlements */ = {isa = PBXFileReference; lastKnownFileType = text.plist.entitlements; path = macOS.entitlements; sourceTree = "<group>"; };
		AA1BD3142598D8B4002C854D /* Tests iOS.xctest */ = {isa = PBXFileReference; explicitFileType = wrapper.cfbundle; includeInIndex = 0; path = "Tests iOS.xctest"; sourceTree = BUILT_PRODUCTS_DIR; };
		AA1BD3182598D8B4002C854D /* Tests_iOS.swift */ = {isa = PBXFileReference; lastKnownFileType = sourcecode.swift; path = Tests_iOS.swift; sourceTree = "<group>"; };
		AA1BD31A2598D8B4002C854D /* Info.plist */ = {isa = PBXFileReference; lastKnownFileType = text.plist.xml; path = Info.plist; sourceTree = "<group>"; };
		AA1BD31F2598D8B4002C854D /* Tests macOS.xctest */ = {isa = PBXFileReference; explicitFileType = wrapper.cfbundle; includeInIndex = 0; path = "Tests macOS.xctest"; sourceTree = BUILT_PRODUCTS_DIR; };
		AA1BD3232598D8B4002C854D /* Tests_macOS.swift */ = {isa = PBXFileReference; lastKnownFileType = sourcecode.swift; path = Tests_macOS.swift; sourceTree = "<group>"; };
		AA1BD3252598D8B4002C854D /* Info.plist */ = {isa = PBXFileReference; lastKnownFileType = text.plist.xml; path = Info.plist; sourceTree = "<group>"; };
		AA1BD3402598D8FE002C854D /* BrandsListView.swift */ = {isa = PBXFileReference; lastKnownFileType = sourcecode.swift; path = BrandsListView.swift; sourceTree = "<group>"; };
		AA1BD3562598DAB3002C854D /* APIClient.swift */ = {isa = PBXFileReference; lastKnownFileType = sourcecode.swift; path = APIClient.swift; sourceTree = "<group>"; };
		AA1BD3612598DB6B002C854D /* BrandsListViewModel.swift */ = {isa = PBXFileReference; lastKnownFileType = sourcecode.swift; path = BrandsListViewModel.swift; sourceTree = "<group>"; };
		AA1BD36C2598DD2C002C854D /* SneakersDB.swift */ = {isa = PBXFileReference; lastKnownFileType = sourcecode.swift; path = SneakersDB.swift; sourceTree = "<group>"; };
		AA1BD3732598DDF3002C854D /* Brands.swift */ = {isa = PBXFileReference; lastKnownFileType = sourcecode.swift; path = Brands.swift; sourceTree = "<group>"; };
		AA1BD37A2598E258002C854D /* TabBarView.swift */ = {isa = PBXFileReference; lastKnownFileType = sourcecode.swift; path = TabBarView.swift; sourceTree = "<group>"; };
		AA1BD3822598E4BE002C854D /* SneakersListView.swift */ = {isa = PBXFileReference; lastKnownFileType = sourcecode.swift; path = SneakersListView.swift; sourceTree = "<group>"; };
		AA1BD38D2598E5A1002C854D /* SneakersListViewModel.swift */ = {isa = PBXFileReference; lastKnownFileType = sourcecode.swift; path = SneakersListViewModel.swift; sourceTree = "<group>"; };
		AA1BD3942598E5BB002C854D /* Sneaker.swift */ = {isa = PBXFileReference; lastKnownFileType = sourcecode.swift; path = Sneaker.swift; sourceTree = "<group>"; };
		AA273CDB25A1FE0F001C8D5D /* FavouritesSneakers.swift */ = {isa = PBXFileReference; lastKnownFileType = sourcecode.swift; path = FavouritesSneakers.swift; sourceTree = "<group>"; };
		AA273CE225A202B9001C8D5D /* AboutView.swift */ = {isa = PBXFileReference; lastKnownFileType = sourcecode.swift; path = AboutView.swift; sourceTree = "<group>"; };
		AA273CEA25A20A51001C8D5D /* AccesoryViews.swift */ = {isa = PBXFileReference; lastKnownFileType = sourcecode.swift; path = AccesoryViews.swift; sourceTree = "<group>"; };
		AA280F3425AB52EE00F778BA /* sneakers.json */ = {isa = PBXFileReference; fileEncoding = 4; lastKnownFileType = text.json; path = sneakers.json; sourceTree = "<group>"; };
		AA5FE71D25A0C99A0091F174 /* SneakerDetailView.swift */ = {isa = PBXFileReference; lastKnownFileType = sourcecode.swift; path = SneakerDetailView.swift; sourceTree = "<group>"; };
/* End PBXFileReference section */

/* Begin PBXFrameworksBuildPhase section */
		AA1BD3012598D8B4002C854D /* Frameworks */ = {
			isa = PBXFrameworksBuildPhase;
			buildActionMask = 2147483647;
			files = (
				AAF7077325B481F7004AFB59 /* SafeCodable in Frameworks */,
				AA1BD39D2598F092002C854D /* KingfisherSwiftUIStatic in Frameworks */,
			);
			runOnlyForDeploymentPostprocessing = 0;
		};
		AA1BD3092598D8B4002C854D /* Frameworks */ = {
			isa = PBXFrameworksBuildPhase;
			buildActionMask = 2147483647;
			files = (
				AA0E855C25C6148800CBE507 /* SafeCodable in Frameworks */,
				AA0E855625C6146E00CBE507 /* KingfisherSwiftUI in Frameworks */,
			);
			runOnlyForDeploymentPostprocessing = 0;
		};
		AA1BD3112598D8B4002C854D /* Frameworks */ = {
			isa = PBXFrameworksBuildPhase;
			buildActionMask = 2147483647;
			files = (
			);
			runOnlyForDeploymentPostprocessing = 0;
		};
		AA1BD31C2598D8B4002C854D /* Frameworks */ = {
			isa = PBXFrameworksBuildPhase;
			buildActionMask = 2147483647;
			files = (
			);
			runOnlyForDeploymentPostprocessing = 0;
		};
/* End PBXFrameworksBuildPhase section */

/* Begin PBXGroup section */
		AA0E855425C6146E00CBE507 /* Frameworks */ = {
			isa = PBXGroup;
			children = (
			);
			name = Frameworks;
			sourceTree = "<group>";
		};
		AA1BD2F72598D8B2002C854D = {
			isa = PBXGroup;
			children = (
				AA1BD2FC2598D8B3002C854D /* Shared */,
				AA1BD3062598D8B4002C854D /* iOS */,
				AA1BD30D2598D8B4002C854D /* macOS */,
				AA1BD3172598D8B4002C854D /* Tests iOS */,
				AA1BD3222598D8B4002C854D /* Tests macOS */,
				AA1BD3052598D8B4002C854D /* Products */,
				AA0E855425C6146E00CBE507 /* Frameworks */,
			);
			sourceTree = "<group>";
		};
		AA1BD2FC2598D8B3002C854D /* Shared */ = {
			isa = PBXGroup;
			children = (
				AA1BD3552598DAA5002C854D /* API */,
				AA1BD33E2598D8DD002C854D /* Features */,
				AA273CE925A209A2001C8D5D /* Helpers */,
				AA1BD2FD2598D8B3002C854D /* AppSneakersApp.swift */,
				AA1BD2FE2598D8B3002C854D /* ContentView.swift */,
				AA1BD2FF2598D8B4002C854D /* Assets.xcassets */,
			);
			path = Shared;
			sourceTree = "<group>";
		};
		AA1BD3052598D8B4002C854D /* Products */ = {
			isa = PBXGroup;
			children = (
				AA1BD3042598D8B4002C854D /* AppSneakers.app */,
				AA1BD30C2598D8B4002C854D /* AppSneakers.app */,
				AA1BD3142598D8B4002C854D /* Tests iOS.xctest */,
				AA1BD31F2598D8B4002C854D /* Tests macOS.xctest */,
			);
			name = Products;
			sourceTree = "<group>";
		};
		AA1BD3062598D8B4002C854D /* iOS */ = {
			isa = PBXGroup;
			children = (
				AA1BD3072598D8B4002C854D /* Info.plist */,
			);
			path = iOS;
			sourceTree = "<group>";
		};
		AA1BD30D2598D8B4002C854D /* macOS */ = {
			isa = PBXGroup;
			children = (
				AA1BD30E2598D8B4002C854D /* Info.plist */,
				AA1BD30F2598D8B4002C854D /* macOS.entitlements */,
			);
			path = macOS;
			sourceTree = "<group>";
		};
		AA1BD3172598D8B4002C854D /* Tests iOS */ = {
			isa = PBXGroup;
			children = (
				AA1BD3182598D8B4002C854D /* Tests_iOS.swift */,
				AA1BD31A2598D8B4002C854D /* Info.plist */,
			);
			path = "Tests iOS";
			sourceTree = "<group>";
		};
		AA1BD3222598D8B4002C854D /* Tests macOS */ = {
			isa = PBXGroup;
			children = (
				AA1BD3232598D8B4002C854D /* Tests_macOS.swift */,
				AA1BD3252598D8B4002C854D /* Info.plist */,
			);
			path = "Tests macOS";
			sourceTree = "<group>";
		};
		AA1BD33E2598D8DD002C854D /* Features */ = {
			isa = PBXGroup;
			children = (
				AA1BD3812598E4B0002C854D /* Sneakers */,
				AA1BD33F2598D8E9002C854D /* Brands */,
				AA1BD37A2598E258002C854D /* TabBarView.swift */,
				AA273CE225A202B9001C8D5D /* AboutView.swift */,
			);
			path = Features;
			sourceTree = "<group>";
		};
		AA1BD33F2598D8E9002C854D /* Brands */ = {
			isa = PBXGroup;
			children = (
				AA1BD3402598D8FE002C854D /* BrandsListView.swift */,
				AA1BD3612598DB6B002C854D /* BrandsListViewModel.swift */,
			);
			path = Brands;
			sourceTree = "<group>";
		};
		AA1BD3552598DAA5002C854D /* API */ = {
			isa = PBXGroup;
			children = (
				AA1BD3562598DAB3002C854D /* APIClient.swift */,
				AA1BD36C2598DD2C002C854D /* SneakersDB.swift */,
				AA1BD3732598DDF3002C854D /* Brands.swift */,
				AA1BD3942598E5BB002C854D /* Sneaker.swift */,
			);
			path = API;
			sourceTree = "<group>";
		};
		AA1BD3812598E4B0002C854D /* Sneakers */ = {
			isa = PBXGroup;
			children = (
				AA5FE71D25A0C99A0091F174 /* SneakerDetailView.swift */,
				AA1BD3822598E4BE002C854D /* SneakersListView.swift */,
				AA1BD38D2598E5A1002C854D /* SneakersListViewModel.swift */,
				AA273CDB25A1FE0F001C8D5D /* FavouritesSneakers.swift */,
			);
			path = Sneakers;
			sourceTree = "<group>";
		};
		AA273CE925A209A2001C8D5D /* Helpers */ = {
			isa = PBXGroup;
			children = (
				AA280F3425AB52EE00F778BA /* sneakers.json */,
				AA273CEA25A20A51001C8D5D /* AccesoryViews.swift */,
			);
			path = Helpers;
			sourceTree = "<group>";
		};
/* End PBXGroup section */

/* Begin PBXNativeTarget section */
		AA1BD3032598D8B4002C854D /* AppSneakers (iOS) */ = {
			isa = PBXNativeTarget;
			buildConfigurationList = AA1BD32E2598D8B4002C854D /* Build configuration list for PBXNativeTarget "AppSneakers (iOS)" */;
			buildPhases = (
				AA1BD3002598D8B4002C854D /* Sources */,
				AA1BD3012598D8B4002C854D /* Frameworks */,
				AA1BD3022598D8B4002C854D /* Resources */,
			);
			buildRules = (
			);
			dependencies = (
			);
			name = "AppSneakers (iOS)";
			packageProductDependencies = (
				AA1BD39C2598F092002C854D /* KingfisherSwiftUIStatic */,
				AAF7077225B481F7004AFB59 /* SafeCodable */,
			);
			productName = "AppSneakers (iOS)";
			productReference = AA1BD3042598D8B4002C854D /* AppSneakers.app */;
			productType = "com.apple.product-type.application";
		};
		AA1BD30B2598D8B4002C854D /* AppSneakers (macOS) */ = {
			isa = PBXNativeTarget;
			buildConfigurationList = AA1BD3312598D8B4002C854D /* Build configuration list for PBXNativeTarget "AppSneakers (macOS)" */;
			buildPhases = (
				AA1BD3082598D8B4002C854D /* Sources */,
				AA1BD3092598D8B4002C854D /* Frameworks */,
				AA1BD30A2598D8B4002C854D /* Resources */,
			);
			buildRules = (
			);
			dependencies = (
			);
			name = "AppSneakers (macOS)";
			packageProductDependencies = (
				AA0E855525C6146E00CBE507 /* KingfisherSwiftUI */,
				AA0E855B25C6148800CBE507 /* SafeCodable */,
			);
			productName = "AppSneakers (macOS)";
			productReference = AA1BD30C2598D8B4002C854D /* AppSneakers.app */;
			productType = "com.apple.product-type.application";
		};
		AA1BD3132598D8B4002C854D /* Tests iOS */ = {
			isa = PBXNativeTarget;
			buildConfigurationList = AA1BD3342598D8B4002C854D /* Build configuration list for PBXNativeTarget "Tests iOS" */;
			buildPhases = (
				AA1BD3102598D8B4002C854D /* Sources */,
				AA1BD3112598D8B4002C854D /* Frameworks */,
				AA1BD3122598D8B4002C854D /* Resources */,
			);
			buildRules = (
			);
			dependencies = (
				AA1BD3162598D8B4002C854D /* PBXTargetDependency */,
			);
			name = "Tests iOS";
			productName = "Tests iOS";
			productReference = AA1BD3142598D8B4002C854D /* Tests iOS.xctest */;
			productType = "com.apple.product-type.bundle.ui-testing";
		};
		AA1BD31E2598D8B4002C854D /* Tests macOS */ = {
			isa = PBXNativeTarget;
			buildConfigurationList = AA1BD3372598D8B4002C854D /* Build configuration list for PBXNativeTarget "Tests macOS" */;
			buildPhases = (
				AA1BD31B2598D8B4002C854D /* Sources */,
				AA1BD31C2598D8B4002C854D /* Frameworks */,
				AA1BD31D2598D8B4002C854D /* Resources */,
			);
			buildRules = (
			);
			dependencies = (
				AA1BD3212598D8B4002C854D /* PBXTargetDependency */,
			);
			name = "Tests macOS";
			productName = "Tests macOS";
			productReference = AA1BD31F2598D8B4002C854D /* Tests macOS.xctest */;
			productType = "com.apple.product-type.bundle.ui-testing";
		};
/* End PBXNativeTarget section */

/* Begin PBXProject section */
		AA1BD2F82598D8B2002C854D /* Project object */ = {
			isa = PBXProject;
			attributes = {
				LastSwiftUpdateCheck = 1220;
				LastUpgradeCheck = 1220;
				TargetAttributes = {
					AA1BD3032598D8B4002C854D = {
						CreatedOnToolsVersion = 12.2;
					};
					AA1BD30B2598D8B4002C854D = {
						CreatedOnToolsVersion = 12.2;
					};
					AA1BD3132598D8B4002C854D = {
						CreatedOnToolsVersion = 12.2;
						TestTargetID = AA1BD3032598D8B4002C854D;
					};
					AA1BD31E2598D8B4002C854D = {
						CreatedOnToolsVersion = 12.2;
						TestTargetID = AA1BD30B2598D8B4002C854D;
					};
				};
			};
			buildConfigurationList = AA1BD2FB2598D8B2002C854D /* Build configuration list for PBXProject "AppSneakers" */;
			compatibilityVersion = "Xcode 9.3";
			developmentRegion = en;
			hasScannedForEncodings = 0;
			knownRegions = (
				en,
				Base,
			);
			mainGroup = AA1BD2F72598D8B2002C854D;
			packageReferences = (
				AA1BD39B2598F092002C854D /* XCRemoteSwiftPackageReference "Kingfisher" */,
				AAF7077125B481F7004AFB59 /* XCRemoteSwiftPackageReference "SafeCodable" */,
			);
			productRefGroup = AA1BD3052598D8B4002C854D /* Products */;
			projectDirPath = "";
			projectRoot = "";
			targets = (
				AA1BD3032598D8B4002C854D /* AppSneakers (iOS) */,
				AA1BD30B2598D8B4002C854D /* AppSneakers (macOS) */,
				AA1BD3132598D8B4002C854D /* Tests iOS */,
				AA1BD31E2598D8B4002C854D /* Tests macOS */,
			);
		};
/* End PBXProject section */

/* Begin PBXResourcesBuildPhase section */
		AA1BD3022598D8B4002C854D /* Resources */ = {
			isa = PBXResourcesBuildPhase;
			buildActionMask = 2147483647;
			files = (
				AA1BD32A2598D8B4002C854D /* Assets.xcassets in Resources */,
				AA280F3525AB52EE00F778BA /* sneakers.json in Resources */,
			);
			runOnlyForDeploymentPostprocessing = 0;
		};
		AA1BD30A2598D8B4002C854D /* Resources */ = {
			isa = PBXResourcesBuildPhase;
			buildActionMask = 2147483647;
			files = (
				AA1BD32B2598D8B4002C854D /* Assets.xcassets in Resources */,
				AA280F3625AB52EE00F778BA /* sneakers.json in Resources */,
			);
			runOnlyForDeploymentPostprocessing = 0;
		};
		AA1BD3122598D8B4002C854D /* Resources */ = {
			isa = PBXResourcesBuildPhase;
			buildActionMask = 2147483647;
			files = (
				AA280F3B25AB56B600F778BA /* sneakers.json in Resources */,
			);
			runOnlyForDeploymentPostprocessing = 0;
		};
		AA1BD31D2598D8B4002C854D /* Resources */ = {
			isa = PBXResourcesBuildPhase;
			buildActionMask = 2147483647;
			files = (
			);
			runOnlyForDeploymentPostprocessing = 0;
		};
/* End PBXResourcesBuildPhase section */

/* Begin PBXSourcesBuildPhase section */
		AA1BD3002598D8B4002C854D /* Sources */ = {
			isa = PBXSourcesBuildPhase;
			buildActionMask = 2147483647;
			files = (
				AA1BD3832598E4BE002C854D /* SneakersListView.swift in Sources */,
				AA1BD3282598D8B4002C854D /* ContentView.swift in Sources */,
				AA1BD36D2598DD2C002C854D /* SneakersDB.swift in Sources */,
				AA1BD37B2598E258002C854D /* TabBarView.swift in Sources */,
				AA1BD3742598DDF3002C854D /* Brands.swift in Sources */,
				AA1BD3412598D8FE002C854D /* BrandsListView.swift in Sources */,
				AA1BD3952598E5BB002C854D /* Sneaker.swift in Sources */,
				AA273CDC25A1FE0F001C8D5D /* FavouritesSneakers.swift in Sources */,
				AA273CE325A202B9001C8D5D /* AboutView.swift in Sources */,
				AA1BD3572598DAB3002C854D /* APIClient.swift in Sources */,
				AA1BD3622598DB6B002C854D /* BrandsListViewModel.swift in Sources */,
				AA273CEB25A20A51001C8D5D /* AccesoryViews.swift in Sources */,
				AA5FE71E25A0C99A0091F174 /* SneakerDetailView.swift in Sources */,
				AA1BD38E2598E5A1002C854D /* SneakersListViewModel.swift in Sources */,
				AA1BD3262598D8B4002C854D /* AppSneakersApp.swift in Sources */,
			);
			runOnlyForDeploymentPostprocessing = 0;
		};
		AA1BD3082598D8B4002C854D /* Sources */ = {
			isa = PBXSourcesBuildPhase;
			buildActionMask = 2147483647;
			files = (
				AA1BD3842598E4BE002C854D /* SneakersListView.swift in Sources */,
				AA1BD3292598D8B4002C854D /* ContentView.swift in Sources */,
				AA1BD36E2598DD2C002C854D /* SneakersDB.swift in Sources */,
				AA1BD37C2598E258002C854D /* TabBarView.swift in Sources */,
				AA1BD3752598DDF3002C854D /* Brands.swift in Sources */,
				AA1BD3482598DA69002C854D /* BrandsListView.swift in Sources */,
				AA1BD3962598E5BB002C854D /* Sneaker.swift in Sources */,
				AA273CDD25A1FE0F001C8D5D /* FavouritesSneakers.swift in Sources */,
				AA273CE425A202B9001C8D5D /* AboutView.swift in Sources */,
				AA1BD3582598DAB3002C854D /* APIClient.swift in Sources */,
				AA1BD3632598DB6B002C854D /* BrandsListViewModel.swift in Sources */,
				AA273CEC25A20A51001C8D5D /* AccesoryViews.swift in Sources */,
				AA5FE71F25A0C99A0091F174 /* SneakerDetailView.swift in Sources */,
				AA1BD38F2598E5A1002C854D /* SneakersListViewModel.swift in Sources */,
				AA1BD3272598D8B4002C854D /* AppSneakersApp.swift in Sources */,
			);
			runOnlyForDeploymentPostprocessing = 0;
		};
		AA1BD3102598D8B4002C854D /* Sources */ = {
			isa = PBXSourcesBuildPhase;
			buildActionMask = 2147483647;
			files = (
				AA1BD3192598D8B4002C854D /* Tests_iOS.swift in Sources */,
			);
			runOnlyForDeploymentPostprocessing = 0;
		};
		AA1BD31B2598D8B4002C854D /* Sources */ = {
			isa = PBXSourcesBuildPhase;
			buildActionMask = 2147483647;
			files = (
				AA1BD3242598D8B4002C854D /* Tests_macOS.swift in Sources */,
			);
			runOnlyForDeploymentPostprocessing = 0;
		};
/* End PBXSourcesBuildPhase section */

/* Begin PBXTargetDependency section */
		AA1BD3162598D8B4002C854D /* PBXTargetDependency */ = {
			isa = PBXTargetDependency;
			target = AA1BD3032598D8B4002C854D /* AppSneakers (iOS) */;
			targetProxy = AA1BD3152598D8B4002C854D /* PBXContainerItemProxy */;
		};
		AA1BD3212598D8B4002C854D /* PBXTargetDependency */ = {
			isa = PBXTargetDependency;
			target = AA1BD30B2598D8B4002C854D /* AppSneakers (macOS) */;
			targetProxy = AA1BD3202598D8B4002C854D /* PBXContainerItemProxy */;
		};
/* End PBXTargetDependency section */

/* Begin XCBuildConfiguration section */
		AA1BD32C2598D8B4002C854D /* Debug */ = {
			isa = XCBuildConfiguration;
			buildSettings = {
				ALWAYS_SEARCH_USER_PATHS = NO;
				CLANG_ANALYZER_NONNULL = YES;
				CLANG_ANALYZER_NUMBER_OBJECT_CONVERSION = YES_AGGRESSIVE;
				CLANG_CXX_LANGUAGE_STANDARD = "gnu++14";
				CLANG_CXX_LIBRARY = "libc++";
				CLANG_ENABLE_MODULES = YES;
				CLANG_ENABLE_OBJC_ARC = YES;
				CLANG_ENABLE_OBJC_WEAK = YES;
				CLANG_WARN_BLOCK_CAPTURE_AUTORELEASING = YES;
				CLANG_WARN_BOOL_CONVERSION = YES;
				CLANG_WARN_COMMA = YES;
				CLANG_WARN_CONSTANT_CONVERSION = YES;
				CLANG_WARN_DEPRECATED_OBJC_IMPLEMENTATIONS = YES;
				CLANG_WARN_DIRECT_OBJC_ISA_USAGE = YES_ERROR;
				CLANG_WARN_DOCUMENTATION_COMMENTS = YES;
				CLANG_WARN_EMPTY_BODY = YES;
				CLANG_WARN_ENUM_CONVERSION = YES;
				CLANG_WARN_INFINITE_RECURSION = YES;
				CLANG_WARN_INT_CONVERSION = YES;
				CLANG_WARN_NON_LITERAL_NULL_CONVERSION = YES;
				CLANG_WARN_OBJC_IMPLICIT_RETAIN_SELF = YES;
				CLANG_WARN_OBJC_LITERAL_CONVERSION = YES;
				CLANG_WARN_OBJC_ROOT_CLASS = YES_ERROR;
				CLANG_WARN_QUOTED_INCLUDE_IN_FRAMEWORK_HEADER = YES;
				CLANG_WARN_RANGE_LOOP_ANALYSIS = YES;
				CLANG_WARN_STRICT_PROTOTYPES = YES;
				CLANG_WARN_SUSPICIOUS_MOVE = YES;
				CLANG_WARN_UNGUARDED_AVAILABILITY = YES_AGGRESSIVE;
				CLANG_WARN_UNREACHABLE_CODE = YES;
				CLANG_WARN__DUPLICATE_METHOD_MATCH = YES;
				COPY_PHASE_STRIP = NO;
				DEBUG_INFORMATION_FORMAT = dwarf;
				ENABLE_STRICT_OBJC_MSGSEND = YES;
				ENABLE_TESTABILITY = YES;
				GCC_C_LANGUAGE_STANDARD = gnu11;
				GCC_DYNAMIC_NO_PIC = NO;
				GCC_NO_COMMON_BLOCKS = YES;
				GCC_OPTIMIZATION_LEVEL = 0;
				GCC_PREPROCESSOR_DEFINITIONS = (
					"DEBUG=1",
					"$(inherited)",
				);
				GCC_WARN_64_TO_32_BIT_CONVERSION = YES;
				GCC_WARN_ABOUT_RETURN_TYPE = YES_ERROR;
				GCC_WARN_UNDECLARED_SELECTOR = YES;
				GCC_WARN_UNINITIALIZED_AUTOS = YES_AGGRESSIVE;
				GCC_WARN_UNUSED_FUNCTION = YES;
				GCC_WARN_UNUSED_VARIABLE = YES;
				MTL_ENABLE_DEBUG_INFO = INCLUDE_SOURCE;
				MTL_FAST_MATH = YES;
				ONLY_ACTIVE_ARCH = YES;
				SWIFT_ACTIVE_COMPILATION_CONDITIONS = DEBUG;
				SWIFT_OPTIMIZATION_LEVEL = "-Onone";
			};
			name = Debug;
		};
		AA1BD32D2598D8B4002C854D /* Release */ = {
			isa = XCBuildConfiguration;
			buildSettings = {
				ALWAYS_SEARCH_USER_PATHS = NO;
				CLANG_ANALYZER_NONNULL = YES;
				CLANG_ANALYZER_NUMBER_OBJECT_CONVERSION = YES_AGGRESSIVE;
				CLANG_CXX_LANGUAGE_STANDARD = "gnu++14";
				CLANG_CXX_LIBRARY = "libc++";
				CLANG_ENABLE_MODULES = YES;
				CLANG_ENABLE_OBJC_ARC = YES;
				CLANG_ENABLE_OBJC_WEAK = YES;
				CLANG_WARN_BLOCK_CAPTURE_AUTORELEASING = YES;
				CLANG_WARN_BOOL_CONVERSION = YES;
				CLANG_WARN_COMMA = YES;
				CLANG_WARN_CONSTANT_CONVERSION = YES;
				CLANG_WARN_DEPRECATED_OBJC_IMPLEMENTATIONS = YES;
				CLANG_WARN_DIRECT_OBJC_ISA_USAGE = YES_ERROR;
				CLANG_WARN_DOCUMENTATION_COMMENTS = YES;
				CLANG_WARN_EMPTY_BODY = YES;
				CLANG_WARN_ENUM_CONVERSION = YES;
				CLANG_WARN_INFINITE_RECURSION = YES;
				CLANG_WARN_INT_CONVERSION = YES;
				CLANG_WARN_NON_LITERAL_NULL_CONVERSION = YES;
				CLANG_WARN_OBJC_IMPLICIT_RETAIN_SELF = YES;
				CLANG_WARN_OBJC_LITERAL_CONVERSION = YES;
				CLANG_WARN_OBJC_ROOT_CLASS = YES_ERROR;
				CLANG_WARN_QUOTED_INCLUDE_IN_FRAMEWORK_HEADER = YES;
				CLANG_WARN_RANGE_LOOP_ANALYSIS = YES;
				CLANG_WARN_STRICT_PROTOTYPES = YES;
				CLANG_WARN_SUSPICIOUS_MOVE = YES;
				CLANG_WARN_UNGUARDED_AVAILABILITY = YES_AGGRESSIVE;
				CLANG_WARN_UNREACHABLE_CODE = YES;
				CLANG_WARN__DUPLICATE_METHOD_MATCH = YES;
				COPY_PHASE_STRIP = NO;
				DEBUG_INFORMATION_FORMAT = "dwarf-with-dsym";
				ENABLE_NS_ASSERTIONS = NO;
				ENABLE_STRICT_OBJC_MSGSEND = YES;
				GCC_C_LANGUAGE_STANDARD = gnu11;
				GCC_NO_COMMON_BLOCKS = YES;
				GCC_WARN_64_TO_32_BIT_CONVERSION = YES;
				GCC_WARN_ABOUT_RETURN_TYPE = YES_ERROR;
				GCC_WARN_UNDECLARED_SELECTOR = YES;
				GCC_WARN_UNINITIALIZED_AUTOS = YES_AGGRESSIVE;
				GCC_WARN_UNUSED_FUNCTION = YES;
				GCC_WARN_UNUSED_VARIABLE = YES;
				MTL_ENABLE_DEBUG_INFO = NO;
				MTL_FAST_MATH = YES;
				SWIFT_COMPILATION_MODE = wholemodule;
				SWIFT_OPTIMIZATION_LEVEL = "-O";
			};
			name = Release;
		};
		AA1BD32F2598D8B4002C854D /* Debug */ = {
			isa = XCBuildConfiguration;
			buildSettings = {
				ASSETCATALOG_COMPILER_APPICON_NAME = AppIcon;
				ASSETCATALOG_COMPILER_GLOBAL_ACCENT_COLOR_NAME = AccentColor;
				CODE_SIGN_STYLE = Automatic;
				DEVELOPMENT_TEAM = AS88JDHZ77;
				ENABLE_PREVIEWS = YES;
				INFOPLIST_FILE = iOS/Info.plist;
				IPHONEOS_DEPLOYMENT_TARGET = 14.0;
				LD_RUNPATH_SEARCH_PATHS = (
					"$(inherited)",
					"@executable_path/Frameworks",
				);
				PRODUCT_BUNDLE_IDENTIFIER = com.osrufung.AppSneakers;
				PRODUCT_NAME = AppSneakers;
				SDKROOT = iphoneos;
				SWIFT_VERSION = 5.0;
				TARGETED_DEVICE_FAMILY = "1,2";
			};
			name = Debug;
		};
		AA1BD3302598D8B4002C854D /* Release */ = {
			isa = XCBuildConfiguration;
			buildSettings = {
				ASSETCATALOG_COMPILER_APPICON_NAME = AppIcon;
				ASSETCATALOG_COMPILER_GLOBAL_ACCENT_COLOR_NAME = AccentColor;
				CODE_SIGN_STYLE = Automatic;
				DEVELOPMENT_TEAM = AS88JDHZ77;
				ENABLE_PREVIEWS = YES;
				INFOPLIST_FILE = iOS/Info.plist;
				IPHONEOS_DEPLOYMENT_TARGET = 14.0;
				LD_RUNPATH_SEARCH_PATHS = (
					"$(inherited)",
					"@executable_path/Frameworks",
				);
				PRODUCT_BUNDLE_IDENTIFIER = com.osrufung.AppSneakers;
				PRODUCT_NAME = AppSneakers;
				SDKROOT = iphoneos;
				SWIFT_VERSION = 5.0;
				TARGETED_DEVICE_FAMILY = "1,2";
				VALIDATE_PRODUCT = YES;
			};
			name = Release;
		};
		AA1BD3322598D8B4002C854D /* Debug */ = {
			isa = XCBuildConfiguration;
			buildSettings = {
				ASSETCATALOG_COMPILER_APPICON_NAME = AppIcon;
				ASSETCATALOG_COMPILER_GLOBAL_ACCENT_COLOR_NAME = AccentColor;
				CODE_SIGN_ENTITLEMENTS = macOS/macOS.entitlements;
				CODE_SIGN_STYLE = Automatic;
				COMBINE_HIDPI_IMAGES = YES;
				DEVELOPMENT_TEAM = AS88JDHZ77;
				ENABLE_HARDENED_RUNTIME = YES;
				ENABLE_PREVIEWS = YES;
				INFOPLIST_FILE = macOS/Info.plist;
				LD_RUNPATH_SEARCH_PATHS = (
					"$(inherited)",
					"@executable_path/../Frameworks",
				);
				MACOSX_DEPLOYMENT_TARGET = 11.0;
				PRODUCT_BUNDLE_IDENTIFIER = com.osrufung.AppSneakers;
				PRODUCT_NAME = AppSneakers;
				SDKROOT = macosx;
				SWIFT_VERSION = 5.0;
			};
			name = Debug;
		};
		AA1BD3332598D8B4002C854D /* Release */ = {
			isa = XCBuildConfiguration;
			buildSettings = {
				ASSETCATALOG_COMPILER_APPICON_NAME = AppIcon;
				ASSETCATALOG_COMPILER_GLOBAL_ACCENT_COLOR_NAME = AccentColor;
				CODE_SIGN_ENTITLEMENTS = macOS/macOS.entitlements;
				CODE_SIGN_STYLE = Automatic;
				COMBINE_HIDPI_IMAGES = YES;
				DEVELOPMENT_TEAM = AS88JDHZ77;
				ENABLE_HARDENED_RUNTIME = YES;
				ENABLE_PREVIEWS = YES;
				INFOPLIST_FILE = macOS/Info.plist;
				LD_RUNPATH_SEARCH_PATHS = (
					"$(inherited)",
					"@executable_path/../Frameworks",
				);
				MACOSX_DEPLOYMENT_TARGET = 11.0;
				PRODUCT_BUNDLE_IDENTIFIER = com.osrufung.AppSneakers;
				PRODUCT_NAME = AppSneakers;
				SDKROOT = macosx;
				SWIFT_VERSION = 5.0;
			};
			name = Release;
		};
		AA1BD3352598D8B4002C854D /* Debug */ = {
			isa = XCBuildConfiguration;
			buildSettings = {
				ALWAYS_EMBED_SWIFT_STANDARD_LIBRARIES = YES;
				CODE_SIGN_STYLE = Automatic;
				DEVELOPMENT_TEAM = AS88JDHZ77;
				INFOPLIST_FILE = "Tests iOS/Info.plist";
				IPHONEOS_DEPLOYMENT_TARGET = 14.2;
				LD_RUNPATH_SEARCH_PATHS = (
					"$(inherited)",
					"@executable_path/Frameworks",
					"@loader_path/Frameworks",
				);
				PRODUCT_BUNDLE_IDENTIFIER = "com.osrufung.Tests-iOS";
				PRODUCT_NAME = "$(TARGET_NAME)";
				SDKROOT = iphoneos;
				SWIFT_VERSION = 5.0;
				TARGETED_DEVICE_FAMILY = "1,2";
				TEST_TARGET_NAME = "AppSneakers (iOS)";
			};
			name = Debug;
		};
		AA1BD3362598D8B4002C854D /* Release */ = {
			isa = XCBuildConfiguration;
			buildSettings = {
				ALWAYS_EMBED_SWIFT_STANDARD_LIBRARIES = YES;
				CODE_SIGN_STYLE = Automatic;
				DEVELOPMENT_TEAM = AS88JDHZ77;
				INFOPLIST_FILE = "Tests iOS/Info.plist";
				IPHONEOS_DEPLOYMENT_TARGET = 14.2;
				LD_RUNPATH_SEARCH_PATHS = (
					"$(inherited)",
					"@executable_path/Frameworks",
					"@loader_path/Frameworks",
				);
				PRODUCT_BUNDLE_IDENTIFIER = "com.osrufung.Tests-iOS";
				PRODUCT_NAME = "$(TARGET_NAME)";
				SDKROOT = iphoneos;
				SWIFT_VERSION = 5.0;
				TARGETED_DEVICE_FAMILY = "1,2";
				TEST_TARGET_NAME = "AppSneakers (iOS)";
				VALIDATE_PRODUCT = YES;
			};
			name = Release;
		};
		AA1BD3382598D8B4002C854D /* Debug */ = {
			isa = XCBuildConfiguration;
			buildSettings = {
				ALWAYS_EMBED_SWIFT_STANDARD_LIBRARIES = YES;
				CODE_SIGN_STYLE = Automatic;
				COMBINE_HIDPI_IMAGES = YES;
				DEVELOPMENT_TEAM = AS88JDHZ77;
				INFOPLIST_FILE = "Tests macOS/Info.plist";
				LD_RUNPATH_SEARCH_PATHS = (
					"$(inherited)",
					"@executable_path/../Frameworks",
					"@loader_path/../Frameworks",
				);
				MACOSX_DEPLOYMENT_TARGET = 10.15;
				PRODUCT_BUNDLE_IDENTIFIER = "com.osrufung.Tests-macOS";
				PRODUCT_NAME = "$(TARGET_NAME)";
				SDKROOT = macosx;
				SWIFT_VERSION = 5.0;
				TEST_TARGET_NAME = "AppSneakers (macOS)";
			};
			name = Debug;
		};
		AA1BD3392598D8B4002C854D /* Release */ = {
			isa = XCBuildConfiguration;
			buildSettings = {
				ALWAYS_EMBED_SWIFT_STANDARD_LIBRARIES = YES;
				CODE_SIGN_STYLE = Automatic;
				COMBINE_HIDPI_IMAGES = YES;
				DEVELOPMENT_TEAM = AS88JDHZ77;
				INFOPLIST_FILE = "Tests macOS/Info.plist";
				LD_RUNPATH_SEARCH_PATHS = (
					"$(inherited)",
					"@executable_path/../Frameworks",
					"@loader_path/../Frameworks",
				);
				MACOSX_DEPLOYMENT_TARGET = 10.15;
				PRODUCT_BUNDLE_IDENTIFIER = "com.osrufung.Tests-macOS";
				PRODUCT_NAME = "$(TARGET_NAME)";
				SDKROOT = macosx;
				SWIFT_VERSION = 5.0;
				TEST_TARGET_NAME = "AppSneakers (macOS)";
			};
			name = Release;
		};
/* End XCBuildConfiguration section */

/* Begin XCConfigurationList section */
		AA1BD2FB2598D8B2002C854D /* Build configuration list for PBXProject "AppSneakers" */ = {
			isa = XCConfigurationList;
			buildConfigurations = (
				AA1BD32C2598D8B4002C854D /* Debug */,
				AA1BD32D2598D8B4002C854D /* Release */,
			);
			defaultConfigurationIsVisible = 0;
			defaultConfigurationName = Release;
		};
		AA1BD32E2598D8B4002C854D /* Build configuration list for PBXNativeTarget "AppSneakers (iOS)" */ = {
			isa = XCConfigurationList;
			buildConfigurations = (
				AA1BD32F2598D8B4002C854D /* Debug */,
				AA1BD3302598D8B4002C854D /* Release */,
			);
			defaultConfigurationIsVisible = 0;
			defaultConfigurationName = Release;
		};
		AA1BD3312598D8B4002C854D /* Build configuration list for PBXNativeTarget "AppSneakers (macOS)" */ = {
			isa = XCConfigurationList;
			buildConfigurations = (
				AA1BD3322598D8B4002C854D /* Debug */,
				AA1BD3332598D8B4002C854D /* Release */,
			);
			defaultConfigurationIsVisible = 0;
			defaultConfigurationName = Release;
		};
		AA1BD3342598D8B4002C854D /* Build configuration list for PBXNativeTarget "Tests iOS" */ = {
			isa = XCConfigurationList;
			buildConfigurations = (
				AA1BD3352598D8B4002C854D /* Debug */,
				AA1BD3362598D8B4002C854D /* Release */,
			);
			defaultConfigurationIsVisible = 0;
			defaultConfigurationName = Release;
		};
		AA1BD3372598D8B4002C854D /* Build configuration list for PBXNativeTarget "Tests macOS" */ = {
			isa = XCConfigurationList;
			buildConfigurations = (
				AA1BD3382598D8B4002C854D /* Debug */,
				AA1BD3392598D8B4002C854D /* Release */,
			);
			defaultConfigurationIsVisible = 0;
			defaultConfigurationName = Release;
		};
/* End XCConfigurationList section */

/* Begin XCRemoteSwiftPackageReference section */
		AA1BD39B2598F092002C854D /* XCRemoteSwiftPackageReference "Kingfisher" */ = {
			isa = XCRemoteSwiftPackageReference;
			repositoryURL = "https://github.com/onevcat/Kingfisher";
			requirement = {
				kind = upToNextMajorVersion;
				minimumVersion = 5.15.8;
			};
		};
		AAF7077125B481F7004AFB59 /* XCRemoteSwiftPackageReference "SafeCodable" */ = {
			isa = XCRemoteSwiftPackageReference;
			repositoryURL = "https://github.com/osrufung/SafeCodable";
			requirement = {
				kind = exactVersion;
				version = 0.0.2;
			};
		};
/* End XCRemoteSwiftPackageReference section */

/* Begin XCSwiftPackageProductDependency section */
		AA0E855525C6146E00CBE507 /* KingfisherSwiftUI */ = {
			isa = XCSwiftPackageProductDependency;
			package = AA1BD39B2598F092002C854D /* XCRemoteSwiftPackageReference "Kingfisher" */;
			productName = KingfisherSwiftUI;
		};
		AA0E855B25C6148800CBE507 /* SafeCodable */ = {
			isa = XCSwiftPackageProductDependency;
			package = AAF7077125B481F7004AFB59 /* XCRemoteSwiftPackageReference "SafeCodable" */;
			productName = SafeCodable;
		};
		AA1BD39C2598F092002C854D /* KingfisherSwiftUIStatic */ = {
			isa = XCSwiftPackageProductDependency;
			package = AA1BD39B2598F092002C854D /* XCRemoteSwiftPackageReference "Kingfisher" */;
			productName = KingfisherSwiftUIStatic;
		};
		AAF7077225B481F7004AFB59 /* SafeCodable */ = {
			isa = XCSwiftPackageProductDependency;
			package = AAF7077125B481F7004AFB59 /* XCRemoteSwiftPackageReference "SafeCodable" */;
			productName = SafeCodable;
		};
/* End XCSwiftPackageProductDependency section */
	};
	rootObject = AA1BD2F82598D8B2002C854D /* Project object */;
}
